
Microsoft Visual Studio Solution File, Format Version 12.00
# Visual Studio Version 16
VisualStudioVersion = 16.0.30406.217
MinimumVisualStudioVersion = 10.0.40219.1
Project("{FAE04EC0-301F-11D3-BF4B-00C04F79EFBC}") = "WcfServiceLibraryTest", "WcfServiceLibraryTest\WcfServiceLibraryTest.csproj", "{B64DEDF4-00CF-48E0-B5BA-D72171E5F2FA}"
EndProject
Project("{FAE04EC0-301F-11D3-BF4B-00C04F79EFBC}") = "WindowsFormsAppTest", "WindowsFormsAppTest\WindowsFormsAppTest.csproj", "{D4C3B4EC-1D7C-4401-BD0C-4BF0A5815B6B}"
	ProjectSection(ProjectDependencies) = postProject
		{B64DEDF4-00CF-48E0-B5BA-D72171E5F2FA} = {B64DEDF4-00CF-48E0-B5BA-D72171E5F2FA}
	EndProjectSection
EndProject
Global
	GlobalSection(SolutionConfigurationPlatforms) = preSolution
		Debug|Any CPU = Debug|Any CPU
		Release|Any CPU = Release|Any CPU
	EndGlobalSection
	GlobalSection(ProjectConfigurationPlatforms) = postSolution
		{B64DEDF4-00CF-48E0-B5BA-D72171E5F2FA}.Debug|Any CPU.ActiveCfg = Debug|Any CPU
		{B64DEDF4-00CF-48E0-B5BA-D72171E5F2FA}.Debug|Any CPU.Build.0 = Debug|Any CPU
		{B64DEDF4-00CF-48E0-B5BA-D72171E5F2FA}.Release|Any CPU.ActiveCfg = Release|Any CPU
		{B64DEDF4-00CF-48E0-B5BA-D72171E5F2FA}.Release|Any CPU.Build.0 = Release|Any CPU
		{D4C3B4EC-1D7C-4401-BD0C-4BF0A5815B6B}.Debug|Any CPU.ActiveCfg = Debug|Any CPU
		{D4C3B4EC-1D7C-4401-BD0C-4BF0A5815B6B}.Debug|Any CPU.Build.0 = Debug|Any CPU
		{D4C3B4EC-1D7C-4401-BD0C-4BF0A5815B6B}.Release|Any CPU.ActiveCfg = Release|Any CPU
		{D4C3B4EC-1D7C-4401-BD0C-4BF0A5815B6B}.Release|Any CPU.Build.0 = Release|Any CPU
	EndGlobalSection
	GlobalSection(SolutionProperties) = preSolution
		HideSolutionNode = FALSE
	EndGlobalSection
	GlobalSection(ExtensibilityGlobals) = postSolution
		SolutionGuid = {70C1B067-41A0-4C39-A139-60594C4A3563}
	EndGlobalSection
EndGlobal
